
Microsoft Visual Studio Solution File, Format Version 12.00
# Visual Studio Version 17
VisualStudioVersion = 17.3.32929.385
MinimumVisualStudioVersion = 10.0.40219.1
Project("{FAE04EC0-301F-11D3-BF4B-00C04F79EFBC}") = "LambdaExpressionDemo", "LambdaExpressionDemo.csproj", "{123401ED-2EAA-4603-BB3E-9B7E9054F9E3}"
EndProject
Global
	GlobalSection(SolutionConfigurationPlatforms) = preSolution
		Debug|Any CPU = Debug|Any CPU
		Release|Any CPU = Release|Any CPU
	EndGlobalSection
	GlobalSection(ProjectConfigurationPlatforms) = postSolution
		{123401ED-2EAA-4603-BB3E-9B7E9054F9E3}.Debug|Any CPU.ActiveCfg = Debug|Any CPU
		{123401ED-2EAA-4603-BB3E-9B7E9054F9E3}.Debug|Any CPU.Build.0 = Debug|Any CPU
		{123401ED-2EAA-4603-BB3E-9B7E9054F9E3}.Release|Any CPU.ActiveCfg = Release|Any CPU
		{123401ED-2EAA-4603-BB3E-9B7E9054F9E3}.Release|Any CPU.Build.0 = Release|Any CPU
	EndGlobalSection
	GlobalSection(SolutionProperties) = preSolution
		HideSolutionNode = FALSE
	EndGlobalSection
	GlobalSection(ExtensibilityGlobals) = postSolution
		SolutionGuid = {BAD4F663-4752-41E9-B995-3DBEF598F514}
	EndGlobalSection
EndGlobal
